
Microsoft Visual Studio Solution File, Format Version 12.00
# Visual Studio Version 16
VisualStudioVersion = 16.0.30011.22
MinimumVisualStudioVersion = 10.0.40219.1
Project("{8BC9CEB8-8B4A-11D0-8D11-00A0C91BC942}") = "std_Project1", "std_Project1.vcxproj", "{A05FC997-2E6C-48CF-A520-363BEED82D90}"
EndProject
Global
	GlobalSection(SolutionConfigurationPlatforms) = preSolution
		Debug|x64 = Debug|x64
		Debug|x86 = Debug|x86
		Release|x64 = Release|x64
		Release|x86 = Release|x86
	EndGlobalSection
	GlobalSection(ProjectConfigurationPlatforms) = postSolution
		{A05FC997-2E6C-48CF-A520-363BEED82D90}.Debug|x64.ActiveCfg = Debug|x64
		{A05FC997-2E6C-48CF-A520-363BEED82D90}.Debug|x64.Build.0 = Debug|x64
		{A05FC997-2E6C-48CF-A520-363BEED82D90}.Debug|x86.ActiveCfg = Debug|Win32
		{A05FC997-2E6C-48CF-A520-363BEED82D90}.Debug|x86.Build.0 = Debug|Win32
		{A05FC997-2E6C-48CF-A520-363BEED82D90}.Release|x64.ActiveCfg = Release|x64
		{A05FC997-2E6C-48CF-A520-363BEED82D90}.Release|x64.Build.0 = Release|x64
		{A05FC997-2E6C-48CF-A520-363BEED82D90}.Release|x86.ActiveCfg = Release|Win32
		{A05FC997-2E6C-48CF-A520-363BEED82D90}.Release|x86.Build.0 = Release|Win32
	EndGlobalSection
	GlobalSection(SolutionProperties) = preSolution
		HideSolutionNode = FALSE
	EndGlobalSection
	GlobalSection(ExtensibilityGlobals) = postSolution
		SolutionGuid = {9988B9F2-FE53-46E6-B54E-884F71DDF1BA}
	EndGlobalSection
EndGlobal
